// !$*UTF8*$!
{
	archiveVersion = 1;
	classes = {
	};
	objectVersion = 46;
	objects = {

/* Begin PBXBuildFile section */
		7757D1A31E46A40000C23217 /* AppDelegate.swift in Sources */ = {isa = PBXBuildFile; fileRef = 7757D1A21E46A40000C23217 /* AppDelegate.swift */; };
		7757D1A51E46A40000C23217 /* ViewController.swift in Sources */ = {isa = PBXBuildFile; fileRef = 7757D1A41E46A40000C23217 /* ViewController.swift */; };
		7757D1A81E46A40000C23217 /* Main.storyboard in Resources */ = {isa = PBXBuildFile; fileRef = 7757D1A61E46A40000C23217 /* Main.storyboard */; };
		7757D1AA1E46A40000C23217 /* Assets.xcassets in Resources */ = {isa = PBXBuildFile; fileRef = 7757D1A91E46A40000C23217 /* Assets.xcassets */; };
		7757D1AD1E46A40000C23217 /* LaunchScreen.storyboard in Resources */ = {isa = PBXBuildFile; fileRef = 7757D1AB1E46A40000C23217 /* LaunchScreen.storyboard */; };
		7757D1B51E46A7B400C23217 /* LoginController.swift in Sources */ = {isa = PBXBuildFile; fileRef = 7757D1B41E46A7B400C23217 /* LoginController.swift */; };
		7757D1B71E46B53200C23217 /* UserViewController.swift in Sources */ = {isa = PBXBuildFile; fileRef = 7757D1B61E46B53200C23217 /* UserViewController.swift */; };
/* End PBXBuildFile section */

/* Begin PBXFileReference section */
		7757D19F1E46A3FF00C23217 /* DALocalAuthentication.app */ = {isa = PBXFileReference; explicitFileType = wrapper.application; includeInIndex = 0; path = DALocalAuthentication.app; sourceTree = BUILT_PRODUCTS_DIR; };
		7757D1A21E46A40000C23217 /* AppDelegate.swift */ = {isa = PBXFileReference; lastKnownFileType = sourcecode.swift; path = AppDelegate.swift; sourceTree = "<group>"; };
		7757D1A41E46A40000C23217 /* ViewController.swift */ = {isa = PBXFileReference; lastKnownFileType = sourcecode.swift; path = ViewController.swift; sourceTree = "<group>"; };
		7757D1A71E46A40000C23217 /* Base */ = {isa = PBXFileReference; lastKnownFileType = file.storyboard; name = Base; path = Base.lproj/Main.storyboard; sourceTree = "<group>"; };
		7757D1A91E46A40000C23217 /* Assets.xcassets */ = {isa = PBXFileReference; lastKnownFileType = folder.assetcatalog; path = Assets.xcassets; sourceTree = "<group>"; };
		7757D1AC1E46A40000C23217 /* Base */ = {isa = PBXFileReference; lastKnownFileType = file.storyboard; name = Base; path = Base.lproj/LaunchScreen.storyboard; sourceTree = "<group>"; };
		7757D1AE1E46A40000C23217 /* Info.plist */ = {isa = PBXFileReference; lastKnownFileType = text.plist.xml; path = Info.plist; sourceTree = "<group>"; };
		7757D1B41E46A7B400C23217 /* LoginController.swift */ = {isa = PBXFileReference; fileEncoding = 4; lastKnownFileType = sourcecode.swift; path = LoginController.swift; sourceTree = "<group>"; };
		7757D1B61E46B53200C23217 /* UserViewController.swift */ = {isa = PBXFileReference; fileEncoding = 4; lastKnownFileType = sourcecode.swift; path = UserViewController.swift; sourceTree = "<group>"; };
/* End PBXFileReference section */

/* Begin PBXFrameworksBuildPhase section */
		7757D19C1E46A3FF00C23217 /* Frameworks */ = {
			isa = PBXFrameworksBuildPhase;
			buildActionMask = 2147483647;
			files = (
			);
			runOnlyForDeploymentPostprocessing = 0;
		};
/* End PBXFrameworksBuildPhase section */

/* Begin PBXGroup section */
		7757D1961E46A3FF00C23217 = {
			isa = PBXGroup;
			children = (
				7757D1A11E46A3FF00C23217 /* DALocalAuthentication */,
				7757D1A01E46A3FF00C23217 /* Products */,
			);
			sourceTree = "<group>";
		};
		7757D1A01E46A3FF00C23217 /* Products */ = {
			isa = PBXGroup;
			children = (
				7757D19F1E46A3FF00C23217 /* DALocalAuthentication.app */,
			);
			name = Products;
			sourceTree = "<group>";
		};
		7757D1A11E46A3FF00C23217 /* DALocalAuthentication */ = {
			isa = PBXGroup;
			children = (
				7757D1A21E46A40000C23217 /* AppDelegate.swift */,
				7757D1B41E46A7B400C23217 /* LoginController.swift */,
				7757D1A41E46A40000C23217 /* ViewController.swift */,
				7757D1B61E46B53200C23217 /* UserViewController.swift */,
				7757D1A61E46A40000C23217 /* Main.storyboard */,
				7757D1A91E46A40000C23217 /* Assets.xcassets */,
				7757D1AB1E46A40000C23217 /* LaunchScreen.storyboard */,
				7757D1AE1E46A40000C23217 /* Info.plist */,
			);
			path = DALocalAuthentication;
			sourceTree = "<group>";
		};
/* End PBXGroup section */

/* Begin PBXNativeTarget section */
		7757D19E1E46A3FF00C23217 /* DALocalAuthentication */ = {
			isa = PBXNativeTarget;
			buildConfigurationList = 7757D1B11E46A40000C23217 /* Build configuration list for PBXNativeTarget "DALocalAuthentication" */;
			buildPhases = (
				7757D19B1E46A3FF00C23217 /* Sources */,
				7757D19C1E46A3FF00C23217 /* Frameworks */,
				7757D19D1E46A3FF00C23217 /* Resources */,
			);
			buildRules = (
			);
			dependencies = (
			);
			name = DALocalAuthentication;
			productName = DALocalAuthentication;
			productReference = 7757D19F1E46A3FF00C23217 /* DALocalAuthentication.app */;
			productType = "com.apple.product-type.application";
		};
/* End PBXNativeTarget section */

/* Begin PBXProject section */
		7757D1971E46A3FF00C23217 /* Project object */ = {
			isa = PBXProject;
			attributes = {
				LastSwiftUpdateCheck = 0820;
				LastUpgradeCheck = 0820;
				ORGANIZATIONNAME = Dejan;
				TargetAttributes = {
					7757D19E1E46A3FF00C23217 = {
						CreatedOnToolsVersion = 8.2.1;
						DevelopmentTeam = C3EKZ6XDU9;
						ProvisioningStyle = Automatic;
					};
				};
			};
			buildConfigurationList = 7757D19A1E46A3FF00C23217 /* Build configuration list for PBXProject "DALocalAuthentication" */;
			compatibilityVersion = "Xcode 3.2";
			developmentRegion = English;
			hasScannedForEncodings = 0;
			knownRegions = (
				en,
				Base,
			);
			mainGroup = 7757D1961E46A3FF00C23217;
			productRefGroup = 7757D1A01E46A3FF00C23217 /* Products */;
			projectDirPath = "";
			projectRoot = "";
			targets = (
				7757D19E1E46A3FF00C23217 /* DALocalAuthentication */,
			);
		};
/* End PBXProject section */

/* Begin PBXResourcesBuildPhase section */
		7757D19D1E46A3FF00C23217 /* Resources */ = {
			isa = PBXResourcesBuildPhase;
			buildActionMask = 2147483647;
			files = (
				7757D1AD1E46A40000C23217 /* LaunchScreen.storyboard in Resources */,
				7757D1AA1E46A40000C23217 /* Assets.xcassets in Resources */,
				7757D1A81E46A40000C23217 /* Main.storyboard in Resources */,
			);
			runOnlyForDeploymentPostprocessing = 0;
		};
/* End PBXResourcesBuildPhase section */

/* Begin PBXSourcesBuildPhase section */
		7757D19B1E46A3FF00C23217 /* Sources */ = {
			isa = PBXSourcesBuildPhase;
			buildActionMask = 2147483647;
			files = (
				7757D1A51E46A40000C23217 /* ViewController.swift in Sources */,
				7757D1B71E46B53200C23217 /* UserViewController.swift in Sources */,
				7757D1B51E46A7B400C23217 /* LoginController.swift in Sources */,
				7757D1A31E46A40000C23217 /* AppDelegate.swift in Sources */,
			);
			runOnlyForDeploymentPostprocessing = 0;
		};
/* End PBXSourcesBuildPhase section */

/* Begin PBXVariantGroup section */
		7757D1A61E46A40000C23217 /* Main.storyboard */ = {
			isa = PBXVariantGroup;
			children = (
				7757D1A71E46A40000C23217 /* Base */,
			);
			name = Main.storyboard;
			sourceTree = "<group>";
		};
		7757D1AB1E46A40000C23217 /* LaunchScreen.storyboard */ = {
			isa = PBXVariantGroup;
			children = (
				7757D1AC1E46A40000C23217 /* Base */,
			);
			name = LaunchScreen.storyboard;
			sourceTree = "<group>";
		};
/* End PBXVariantGroup section */

/* Begin XCBuildConfiguration section */
		7757D1AF1E46A40000C23217 /* Debug */ = {
			isa = XCBuildConfiguration;
			buildSettings = {
				ALWAYS_SEARCH_USER_PATHS = NO;
				CLANG_ANALYZER_NONNULL = YES;
				CLANG_CXX_LANGUAGE_STANDARD = "gnu++0x";
				CLANG_CXX_LIBRARY = "libc++";
				CLANG_ENABLE_MODULES = YES;
				CLANG_ENABLE_OBJC_ARC = YES;
				CLANG_WARN_BOOL_CONVERSION = YES;
				CLANG_WARN_CONSTANT_CONVERSION = YES;
				CLANG_WARN_DIRECT_OBJC_ISA_USAGE = YES_ERROR;
				CLANG_WARN_DOCUMENTATION_COMMENTS = YES;
				CLANG_WARN_EMPTY_BODY = YES;
				CLANG_WARN_ENUM_CONVERSION = YES;
				CLANG_WARN_INFINITE_RECURSION = YES;
				CLANG_WARN_INT_CONVERSION = YES;
				CLANG_WARN_OBJC_ROOT_CLASS = YES_ERROR;
				CLANG_WARN_SUSPICIOUS_MOVE = YES;
				CLANG_WARN_UNREACHABLE_CODE = YES;
				CLANG_WARN__DUPLICATE_METHOD_MATCH = YES;
				"CODE_SIGN_IDENTITY[sdk=iphoneos*]" = "iPhone Developer";
				COPY_PHASE_STRIP = NO;
				DEBUG_INFORMATION_FORMAT = dwarf;
				ENABLE_STRICT_OBJC_MSGSEND = YES;
				ENABLE_TESTABILITY = YES;
				GCC_C_LANGUAGE_STANDARD = gnu99;
				GCC_DYNAMIC_NO_PIC = NO;
				GCC_NO_COMMON_BLOCKS = YES;
				GCC_OPTIMIZATION_LEVEL = 0;
				GCC_PREPROCESSOR_DEFINITIONS = (
					"DEBUG=1",
					"$(inherited)",
				);
				GCC_WARN_64_TO_32_BIT_CONVERSION = YES;
				GCC_WARN_ABOUT_RETURN_TYPE = YES_ERROR;
				GCC_WARN_UNDECLARED_SELECTOR = YES;
				GCC_WARN_UNINITIALIZED_AUTOS = YES_AGGRESSIVE;
				GCC_WARN_UNUSED_FUNCTION = YES;
				GCC_WARN_UNUSED_VARIABLE = YES;
				IPHONEOS_DEPLOYMENT_TARGET = 10.2;
				MTL_ENABLE_DEBUG_INFO = YES;
				ONLY_ACTIVE_ARCH = YES;
				SDKROOT = iphoneos;
				SWIFT_ACTIVE_COMPILATION_CONDITIONS = DEBUG;
				SWIFT_OPTIMIZATION_LEVEL = "-Onone";
				TARGETED_DEVICE_FAMILY = "1,2";
			};
			name = Debug;
		};
		7757D1B01E46A40000C23217 /* Release */ = {
			isa = XCBuildConfiguration;
			buildSettings = {
				ALWAYS_SEARCH_USER_PATHS = NO;
				CLANG_ANALYZER_NONNULL = YES;
				CLANG_CXX_LANGUAGE_STANDARD = "gnu++0x";
				CLANG_CXX_LIBRARY = "libc++";
				CLANG_ENABLE_MODULES = YES;
				CLANG_ENABLE_OBJC_ARC = YES;
				CLANG_WARN_BOOL_CONVERSION = YES;
				CLANG_WARN_CONSTANT_CONVERSION = YES;
				CLANG_WARN_DIRECT_OBJC_ISA_USAGE = YES_ERROR;
				CLANG_WARN_DOCUMENTATION_COMMENTS = YES;
				CLANG_WARN_EMPTY_BODY = YES;
				CLANG_WARN_ENUM_CONVERSION = YES;
				CLANG_WARN_INFINITE_RECURSION = YES;
				CLANG_WARN_INT_CONVERSION = YES;
				CLANG_WARN_OBJC_ROOT_CLASS = YES_ERROR;
				CLANG_WARN_SUSPICIOUS_MOVE = YES;
				CLANG_WARN_UNREACHABLE_CODE = YES;
				CLANG_WARN__DUPLICATE_METHOD_MATCH = YES;
				"CODE_SIGN_IDENTITY[sdk=iphoneos*]" = "iPhone Developer";
				COPY_PHASE_STRIP = NO;
				DEBUG_INFORMATION_FORMAT = "dwarf-with-dsym";
				ENABLE_NS_ASSERTIONS = NO;
				ENABLE_STRICT_OBJC_MSGSEND = YES;
				GCC_C_LANGUAGE_STANDARD = gnu99;
				GCC_NO_COMMON_BLOCKS = YES;
				GCC_WARN_64_TO_32_BIT_CONVERSION = YES;
				GCC_WARN_ABOUT_RETURN_TYPE = YES_ERROR;
				GCC_WARN_UNDECLARED_SELECTOR = YES;
				GCC_WARN_UNINITIALIZED_AUTOS = YES_AGGRESSIVE;
				GCC_WARN_UNUSED_FUNCTION = YES;
				GCC_WARN_UNUSED_VARIABLE = YES;
				IPHONEOS_DEPLOYMENT_TARGET = 10.2;
				MTL_ENABLE_DEBUG_INFO = NO;
				SDKROOT = iphoneos;
				SWIFT_OPTIMIZATION_LEVEL = "-Owholemodule";
				TARGETED_DEVICE_FAMILY = "1,2";
				VALIDATE_PRODUCT = YES;
			};
			name = Release;
		};
		7757D1B21E46A40000C23217 /* Debug */ = {
			isa = XCBuildConfiguration;
			buildSettings = {
				ASSETCATALOG_COMPILER_APPICON_NAME = AppIcon;
				DEVELOPMENT_TEAM = C3EKZ6XDU9;
				INFOPLIST_FILE = DALocalAuthentication/Info.plist;
				LD_RUNPATH_SEARCH_PATHS = "$(inherited) @executable_path/Frameworks";
				PRODUCT_BUNDLE_IDENTIFIER = agostini.tech.DALocalAuthentication;
				PRODUCT_NAME = "$(TARGET_NAME)";
				SWIFT_VERSION = 3.0;
			};
			name = Debug;
		};
		7757D1B31E46A40000C23217 /* Release */ = {
			isa = XCBuildConfiguration;
			buildSettings = {
				ASSETCATALOG_COMPILER_APPICON_NAME = AppIcon;
				DEVELOPMENT_TEAM = C3EKZ6XDU9;
				INFOPLIST_FILE = DALocalAuthentication/Info.plist;
				LD_RUNPATH_SEARCH_PATHS = "$(inherited) @executable_path/Frameworks";
				PRODUCT_BUNDLE_IDENTIFIER = agostini.tech.DALocalAuthentication;
				PRODUCT_NAME = "$(TARGET_NAME)";
				SWIFT_VERSION = 3.0;
			};
			name = Release;
		};
/* End XCBuildConfiguration section */

/* Begin XCConfigurationList section */
		7757D19A1E46A3FF00C23217 /* Build configuration list for PBXProject "DALocalAuthentication" */ = {
			isa = XCConfigurationList;
			buildConfigurations = (
				7757D1AF1E46A40000C23217 /* Debug */,
				7757D1B01E46A40000C23217 /* Release */,
			);
			defaultConfigurationIsVisible = 0;
			defaultConfigurationName = Release;
		};
		7757D1B11E46A40000C23217 /* Build configuration list for PBXNativeTarget "DALocalAuthentication" */ = {
			isa = XCConfigurationList;
			buildConfigurations = (
				7757D1B21E46A40000C23217 /* Debug */,
				7757D1B31E46A40000C23217 /* Release */,
			);
			defaultConfigurationIsVisible = 0;
		};
/* End XCConfigurationList section */
	};
	rootObject = 7757D1971E46A3FF00C23217 /* Project object */;
}
